// !$*UTF8*$!
{
	archiveVersion = 1;
	classes = {
	};
	objectVersion = 46;
	objects = {

/* Begin PBXBuildFile section */
		70AB5FB6AABA97E32F7EF943 /* Pods_nycTreesUITests.framework in Frameworks */ = {isa = PBXBuildFile; fileRef = 9F60B4CE30DB8E3BF9021349 /* Pods_nycTreesUITests.framework */; };
		7D8D0CB1419B4210905A211C /* Pods_nycTreesTests.framework in Frameworks */ = {isa = PBXBuildFile; fileRef = CD7AC9D5D06B54A2C748EAF9 /* Pods_nycTreesTests.framework */; };
		81FACC82BE604152D1EF71C9 /* Pods_nycTrees.framework in Frameworks */ = {isa = PBXBuildFile; fileRef = DE6C65CE12695AA76B75021A /* Pods_nycTrees.framework */; };
		DB7848951F4CE74C0000CC2C /* AppDelegate.swift in Sources */ = {isa = PBXBuildFile; fileRef = DB7848941F4CE74C0000CC2C /* AppDelegate.swift */; };
		DB7848971F4CE74C0000CC2C /* ViewController.swift in Sources */ = {isa = PBXBuildFile; fileRef = DB7848961F4CE74C0000CC2C /* ViewController.swift */; };
		DB78489A1F4CE74C0000CC2C /* Main.storyboard in Resources */ = {isa = PBXBuildFile; fileRef = DB7848981F4CE74C0000CC2C /* Main.storyboard */; };
		DB78489C1F4CE74C0000CC2C /* Assets.xcassets in Resources */ = {isa = PBXBuildFile; fileRef = DB78489B1F4CE74C0000CC2C /* Assets.xcassets */; };
		DB78489F1F4CE74C0000CC2C /* LaunchScreen.storyboard in Resources */ = {isa = PBXBuildFile; fileRef = DB78489D1F4CE74C0000CC2C /* LaunchScreen.storyboard */; };
		DB7848AA1F4CE74D0000CC2C /* nycTreesTests.swift in Sources */ = {isa = PBXBuildFile; fileRef = DB7848A91F4CE74D0000CC2C /* nycTreesTests.swift */; };
		DB7848B51F4CE74D0000CC2C /* nycTreesUITests.swift in Sources */ = {isa = PBXBuildFile; fileRef = DB7848B41F4CE74D0000CC2C /* nycTreesUITests.swift */; };
		DB7848C31F4CEA280000CC2C /* Networking.swift in Sources */ = {isa = PBXBuildFile; fileRef = DB7848C21F4CEA280000CC2C /* Networking.swift */; };
		DB7F36851F4CF47000DE7011 /* Constants.swift in Sources */ = {isa = PBXBuildFile; fileRef = DB7F36841F4CF47000DE7011 /* Constants.swift */; };
		DBA2DF9E1F4E0DCC0090FCBE /* Models.swift in Sources */ = {isa = PBXBuildFile; fileRef = DBA2DF9D1F4E0DCC0090FCBE /* Models.swift */; };
/* End PBXBuildFile section */

/* Begin PBXContainerItemProxy section */
		DB7848A61F4CE74D0000CC2C /* PBXContainerItemProxy */ = {
			isa = PBXContainerItemProxy;
			containerPortal = DB7848891F4CE74C0000CC2C /* Project object */;
			proxyType = 1;
			remoteGlobalIDString = DB7848901F4CE74C0000CC2C;
			remoteInfo = nycTrees;
		};
		DB7848B11F4CE74D0000CC2C /* PBXContainerItemProxy */ = {
			isa = PBXContainerItemProxy;
			containerPortal = DB7848891F4CE74C0000CC2C /* Project object */;
			proxyType = 1;
			remoteGlobalIDString = DB7848901F4CE74C0000CC2C;
			remoteInfo = nycTrees;
		};
/* End PBXContainerItemProxy section */

/* Begin PBXFileReference section */
		0E7B4FC99354540592400BA5 /* Pods-nycTreesTests.release.xcconfig */ = {isa = PBXFileReference; includeInIndex = 1; lastKnownFileType = text.xcconfig; name = "Pods-nycTreesTests.release.xcconfig"; path = "Pods/Target Support Files/Pods-nycTreesTests/Pods-nycTreesTests.release.xcconfig"; sourceTree = "<group>"; };
		3C62608B443E3C6571ED55FF /* Pods-nycTreesUITests.release.xcconfig */ = {isa = PBXFileReference; includeInIndex = 1; lastKnownFileType = text.xcconfig; name = "Pods-nycTreesUITests.release.xcconfig"; path = "Pods/Target Support Files/Pods-nycTreesUITests/Pods-nycTreesUITests.release.xcconfig"; sourceTree = "<group>"; };
		3E3DCE80AA95EBD86C324E7D /* Pods-nycTreesTests.debug.xcconfig */ = {isa = PBXFileReference; includeInIndex = 1; lastKnownFileType = text.xcconfig; name = "Pods-nycTreesTests.debug.xcconfig"; path = "Pods/Target Support Files/Pods-nycTreesTests/Pods-nycTreesTests.debug.xcconfig"; sourceTree = "<group>"; };
		41B27DF0D313376EC7A0182A /* Pods-nycTreesUITests.debug.xcconfig */ = {isa = PBXFileReference; includeInIndex = 1; lastKnownFileType = text.xcconfig; name = "Pods-nycTreesUITests.debug.xcconfig"; path = "Pods/Target Support Files/Pods-nycTreesUITests/Pods-nycTreesUITests.debug.xcconfig"; sourceTree = "<group>"; };
		9F60B4CE30DB8E3BF9021349 /* Pods_nycTreesUITests.framework */ = {isa = PBXFileReference; explicitFileType = wrapper.framework; includeInIndex = 0; path = Pods_nycTreesUITests.framework; sourceTree = BUILT_PRODUCTS_DIR; };
		ABB79F83D38F3BE14ACC75C7 /* Pods-nycTrees.debug.xcconfig */ = {isa = PBXFileReference; includeInIndex = 1; lastKnownFileType = text.xcconfig; name = "Pods-nycTrees.debug.xcconfig"; path = "Pods/Target Support Files/Pods-nycTrees/Pods-nycTrees.debug.xcconfig"; sourceTree = "<group>"; };
		B449BBFAABBA0B542FCB9E2C /* Pods-nycTrees.release.xcconfig */ = {isa = PBXFileReference; includeInIndex = 1; lastKnownFileType = text.xcconfig; name = "Pods-nycTrees.release.xcconfig"; path = "Pods/Target Support Files/Pods-nycTrees/Pods-nycTrees.release.xcconfig"; sourceTree = "<group>"; };
		CD7AC9D5D06B54A2C748EAF9 /* Pods_nycTreesTests.framework */ = {isa = PBXFileReference; explicitFileType = wrapper.framework; includeInIndex = 0; path = Pods_nycTreesTests.framework; sourceTree = BUILT_PRODUCTS_DIR; };
		DB7848911F4CE74C0000CC2C /* nycTrees.app */ = {isa = PBXFileReference; explicitFileType = wrapper.application; includeInIndex = 0; path = nycTrees.app; sourceTree = BUILT_PRODUCTS_DIR; };
		DB7848941F4CE74C0000CC2C /* AppDelegate.swift */ = {isa = PBXFileReference; lastKnownFileType = sourcecode.swift; path = AppDelegate.swift; sourceTree = "<group>"; };
		DB7848961F4CE74C0000CC2C /* ViewController.swift */ = {isa = PBXFileReference; lastKnownFileType = sourcecode.swift; path = ViewController.swift; sourceTree = "<group>"; };
		DB7848991F4CE74C0000CC2C /* Base */ = {isa = PBXFileReference; lastKnownFileType = file.storyboard; name = Base; path = Base.lproj/Main.storyboard; sourceTree = "<group>"; };
		DB78489B1F4CE74C0000CC2C /* Assets.xcassets */ = {isa = PBXFileReference; lastKnownFileType = folder.assetcatalog; path = Assets.xcassets; sourceTree = "<group>"; };
		DB78489E1F4CE74C0000CC2C /* Base */ = {isa = PBXFileReference; lastKnownFileType = file.storyboard; name = Base; path = Base.lproj/LaunchScreen.storyboard; sourceTree = "<group>"; };
		DB7848A01F4CE74C0000CC2C /* Info.plist */ = {isa = PBXFileReference; lastKnownFileType = text.plist.xml; path = Info.plist; sourceTree = "<group>"; };
		DB7848A51F4CE74D0000CC2C /* nycTreesTests.xctest */ = {isa = PBXFileReference; explicitFileType = wrapper.cfbundle; includeInIndex = 0; path = nycTreesTests.xctest; sourceTree = BUILT_PRODUCTS_DIR; };
		DB7848A91F4CE74D0000CC2C /* nycTreesTests.swift */ = {isa = PBXFileReference; lastKnownFileType = sourcecode.swift; path = nycTreesTests.swift; sourceTree = "<group>"; };
		DB7848AB1F4CE74D0000CC2C /* Info.plist */ = {isa = PBXFileReference; lastKnownFileType = text.plist.xml; path = Info.plist; sourceTree = "<group>"; };
		DB7848B01F4CE74D0000CC2C /* nycTreesUITests.xctest */ = {isa = PBXFileReference; explicitFileType = wrapper.cfbundle; includeInIndex = 0; path = nycTreesUITests.xctest; sourceTree = BUILT_PRODUCTS_DIR; };
		DB7848B41F4CE74D0000CC2C /* nycTreesUITests.swift */ = {isa = PBXFileReference; lastKnownFileType = sourcecode.swift; path = nycTreesUITests.swift; sourceTree = "<group>"; };
		DB7848B61F4CE74D0000CC2C /* Info.plist */ = {isa = PBXFileReference; lastKnownFileType = text.plist.xml; path = Info.plist; sourceTree = "<group>"; };
		DB7848C21F4CEA280000CC2C /* Networking.swift */ = {isa = PBXFileReference; fileEncoding = 4; lastKnownFileType = sourcecode.swift; path = Networking.swift; sourceTree = "<group>"; };
		DB7F36841F4CF47000DE7011 /* Constants.swift */ = {isa = PBXFileReference; fileEncoding = 4; lastKnownFileType = sourcecode.swift; path = Constants.swift; sourceTree = "<group>"; };
		DBA2DF9D1F4E0DCC0090FCBE /* Models.swift */ = {isa = PBXFileReference; fileEncoding = 4; lastKnownFileType = sourcecode.swift; path = Models.swift; sourceTree = "<group>"; };
		DE6C65CE12695AA76B75021A /* Pods_nycTrees.framework */ = {isa = PBXFileReference; explicitFileType = wrapper.framework; includeInIndex = 0; path = Pods_nycTrees.framework; sourceTree = BUILT_PRODUCTS_DIR; };
/* End PBXFileReference section */

/* Begin PBXFrameworksBuildPhase section */
		DB78488E1F4CE74C0000CC2C /* Frameworks */ = {
			isa = PBXFrameworksBuildPhase;
			buildActionMask = 2147483647;
			files = (
				81FACC82BE604152D1EF71C9 /* Pods_nycTrees.framework in Frameworks */,
			);
			runOnlyForDeploymentPostprocessing = 0;
		};
		DB7848A21F4CE74D0000CC2C /* Frameworks */ = {
			isa = PBXFrameworksBuildPhase;
			buildActionMask = 2147483647;
			files = (
				7D8D0CB1419B4210905A211C /* Pods_nycTreesTests.framework in Frameworks */,
			);
			runOnlyForDeploymentPostprocessing = 0;
		};
		DB7848AD1F4CE74D0000CC2C /* Frameworks */ = {
			isa = PBXFrameworksBuildPhase;
			buildActionMask = 2147483647;
			files = (
				70AB5FB6AABA97E32F7EF943 /* Pods_nycTreesUITests.framework in Frameworks */,
			);
			runOnlyForDeploymentPostprocessing = 0;
		};
/* End PBXFrameworksBuildPhase section */

/* Begin PBXGroup section */
		279CFFC467321D90BA9980A6 /* Frameworks */ = {
			isa = PBXGroup;
			children = (
				DE6C65CE12695AA76B75021A /* Pods_nycTrees.framework */,
				CD7AC9D5D06B54A2C748EAF9 /* Pods_nycTreesTests.framework */,
				9F60B4CE30DB8E3BF9021349 /* Pods_nycTreesUITests.framework */,
			);
			name = Frameworks;
			sourceTree = "<group>";
		};
		DB7848881F4CE74C0000CC2C = {
			isa = PBXGroup;
			children = (
				DB7848931F4CE74C0000CC2C /* nycTrees */,
				DB7848A81F4CE74D0000CC2C /* nycTreesTests */,
				DB7848B31F4CE74D0000CC2C /* nycTreesUITests */,
				DB7848921F4CE74C0000CC2C /* Products */,
				FCAD559DDD47904714DDFF12 /* Pods */,
				279CFFC467321D90BA9980A6 /* Frameworks */,
			);
			sourceTree = "<group>";
		};
		DB7848921F4CE74C0000CC2C /* Products */ = {
			isa = PBXGroup;
			children = (
				DB7848911F4CE74C0000CC2C /* nycTrees.app */,
				DB7848A51F4CE74D0000CC2C /* nycTreesTests.xctest */,
				DB7848B01F4CE74D0000CC2C /* nycTreesUITests.xctest */,
			);
			name = Products;
			sourceTree = "<group>";
		};
		DB7848931F4CE74C0000CC2C /* nycTrees */ = {
			isa = PBXGroup;
			children = (
				DB7848941F4CE74C0000CC2C /* AppDelegate.swift */,
				DB7848961F4CE74C0000CC2C /* ViewController.swift */,
				DB7F36841F4CF47000DE7011 /* Constants.swift */,
				DB7848C21F4CEA280000CC2C /* Networking.swift */,
				DBA2DF9D1F4E0DCC0090FCBE /* Models.swift */,
				DB7848981F4CE74C0000CC2C /* Main.storyboard */,
				DB78489B1F4CE74C0000CC2C /* Assets.xcassets */,
				DB78489D1F4CE74C0000CC2C /* LaunchScreen.storyboard */,
				DB7848A01F4CE74C0000CC2C /* Info.plist */,
			);
			path = nycTrees;
			sourceTree = "<group>";
		};
		DB7848A81F4CE74D0000CC2C /* nycTreesTests */ = {
			isa = PBXGroup;
			children = (
				DB7848A91F4CE74D0000CC2C /* nycTreesTests.swift */,
				DB7848AB1F4CE74D0000CC2C /* Info.plist */,
			);
			path = nycTreesTests;
			sourceTree = "<group>";
		};
		DB7848B31F4CE74D0000CC2C /* nycTreesUITests */ = {
			isa = PBXGroup;
			children = (
				DB7848B41F4CE74D0000CC2C /* nycTreesUITests.swift */,
				DB7848B61F4CE74D0000CC2C /* Info.plist */,
			);
			path = nycTreesUITests;
			sourceTree = "<group>";
		};
		FCAD559DDD47904714DDFF12 /* Pods */ = {
			isa = PBXGroup;
			children = (
				ABB79F83D38F3BE14ACC75C7 /* Pods-nycTrees.debug.xcconfig */,
				B449BBFAABBA0B542FCB9E2C /* Pods-nycTrees.release.xcconfig */,
				3E3DCE80AA95EBD86C324E7D /* Pods-nycTreesTests.debug.xcconfig */,
				0E7B4FC99354540592400BA5 /* Pods-nycTreesTests.release.xcconfig */,
				41B27DF0D313376EC7A0182A /* Pods-nycTreesUITests.debug.xcconfig */,
				3C62608B443E3C6571ED55FF /* Pods-nycTreesUITests.release.xcconfig */,
			);
			name = Pods;
			sourceTree = "<group>";
		};
/* End PBXGroup section */

/* Begin PBXNativeTarget section */
		DB7848901F4CE74C0000CC2C /* nycTrees */ = {
			isa = PBXNativeTarget;
			buildConfigurationList = DB7848B91F4CE74D0000CC2C /* Build configuration list for PBXNativeTarget "nycTrees" */;
			buildPhases = (
				92B523758C6EDD558CA87DA4 /* [CP] Check Pods Manifest.lock */,
				DB78488D1F4CE74C0000CC2C /* Sources */,
				DB78488E1F4CE74C0000CC2C /* Frameworks */,
				DB78488F1F4CE74C0000CC2C /* Resources */,
				47A07F0D167F19C14EEFA911 /* [CP] Embed Pods Frameworks */,
				B3361AECE06E8B0BD6F6FCFA /* [CP] Copy Pods Resources */,
			);
			buildRules = (
			);
			dependencies = (
			);
			name = nycTrees;
			productName = nycTrees;
			productReference = DB7848911F4CE74C0000CC2C /* nycTrees.app */;
			productType = "com.apple.product-type.application";
		};
		DB7848A41F4CE74D0000CC2C /* nycTreesTests */ = {
			isa = PBXNativeTarget;
			buildConfigurationList = DB7848BC1F4CE74D0000CC2C /* Build configuration list for PBXNativeTarget "nycTreesTests" */;
			buildPhases = (
				1C8E861723D0E7A788A2C1F6 /* [CP] Check Pods Manifest.lock */,
				DB7848A11F4CE74D0000CC2C /* Sources */,
				DB7848A21F4CE74D0000CC2C /* Frameworks */,
				DB7848A31F4CE74D0000CC2C /* Resources */,
				558F0CC5BBFF3E03229F64CC /* [CP] Embed Pods Frameworks */,
				675B8AE9F2A86FD0927C6F70 /* [CP] Copy Pods Resources */,
			);
			buildRules = (
			);
			dependencies = (
				DB7848A71F4CE74D0000CC2C /* PBXTargetDependency */,
			);
			name = nycTreesTests;
			productName = nycTreesTests;
			productReference = DB7848A51F4CE74D0000CC2C /* nycTreesTests.xctest */;
			productType = "com.apple.product-type.bundle.unit-test";
		};
		DB7848AF1F4CE74D0000CC2C /* nycTreesUITests */ = {
			isa = PBXNativeTarget;
			buildConfigurationList = DB7848BF1F4CE74D0000CC2C /* Build configuration list for PBXNativeTarget "nycTreesUITests" */;
			buildPhases = (
				CC9D46DE92E0E5FD743D96CF /* [CP] Check Pods Manifest.lock */,
				DB7848AC1F4CE74D0000CC2C /* Sources */,
				DB7848AD1F4CE74D0000CC2C /* Frameworks */,
				DB7848AE1F4CE74D0000CC2C /* Resources */,
				AF03FD5ABF3BF2BCD77D5AD8 /* [CP] Embed Pods Frameworks */,
				E179D9954F6A759349B1E38A /* [CP] Copy Pods Resources */,
			);
			buildRules = (
			);
			dependencies = (
				DB7848B21F4CE74D0000CC2C /* PBXTargetDependency */,
			);
			name = nycTreesUITests;
			productName = nycTreesUITests;
			productReference = DB7848B01F4CE74D0000CC2C /* nycTreesUITests.xctest */;
			productType = "com.apple.product-type.bundle.ui-testing";
		};
/* End PBXNativeTarget section */

/* Begin PBXProject section */
		DB7848891F4CE74C0000CC2C /* Project object */ = {
			isa = PBXProject;
			attributes = {
				LastSwiftUpdateCheck = 0830;
				LastUpgradeCheck = 0830;
				ORGANIZATIONNAME = griffinmacias;
				TargetAttributes = {
					DB7848901F4CE74C0000CC2C = {
						CreatedOnToolsVersion = 8.3.3;
						DevelopmentTeam = JA52596255;
						ProvisioningStyle = Automatic;
					};
					DB7848A41F4CE74D0000CC2C = {
						CreatedOnToolsVersion = 8.3.3;
						DevelopmentTeam = JA52596255;
						ProvisioningStyle = Automatic;
						TestTargetID = DB7848901F4CE74C0000CC2C;
					};
					DB7848AF1F4CE74D0000CC2C = {
						CreatedOnToolsVersion = 8.3.3;
						DevelopmentTeam = JA52596255;
						ProvisioningStyle = Automatic;
						TestTargetID = DB7848901F4CE74C0000CC2C;
					};
				};
			};
			buildConfigurationList = DB78488C1F4CE74C0000CC2C /* Build configuration list for PBXProject "nycTrees" */;
			compatibilityVersion = "Xcode 3.2";
			developmentRegion = English;
			hasScannedForEncodings = 0;
			knownRegions = (
				en,
				Base,
			);
			mainGroup = DB7848881F4CE74C0000CC2C;
			productRefGroup = DB7848921F4CE74C0000CC2C /* Products */;
			projectDirPath = "";
			projectRoot = "";
			targets = (
				DB7848901F4CE74C0000CC2C /* nycTrees */,
				DB7848A41F4CE74D0000CC2C /* nycTreesTests */,
				DB7848AF1F4CE74D0000CC2C /* nycTreesUITests */,
			);
		};
/* End PBXProject section */

/* Begin PBXResourcesBuildPhase section */
		DB78488F1F4CE74C0000CC2C /* Resources */ = {
			isa = PBXResourcesBuildPhase;
			buildActionMask = 2147483647;
			files = (
				DB78489F1F4CE74C0000CC2C /* LaunchScreen.storyboard in Resources */,
				DB78489C1F4CE74C0000CC2C /* Assets.xcassets in Resources */,
				DB78489A1F4CE74C0000CC2C /* Main.storyboard in Resources */,
			);
			runOnlyForDeploymentPostprocessing = 0;
		};
		DB7848A31F4CE74D0000CC2C /* Resources */ = {
			isa = PBXResourcesBuildPhase;
			buildActionMask = 2147483647;
			files = (
			);
			runOnlyForDeploymentPostprocessing = 0;
		};
		DB7848AE1F4CE74D0000CC2C /* Resources */ = {
			isa = PBXResourcesBuildPhase;
			buildActionMask = 2147483647;
			files = (
			);
			runOnlyForDeploymentPostprocessing = 0;
		};
/* End PBXResourcesBuildPhase section */

/* Begin PBXShellScriptBuildPhase section */
		1C8E861723D0E7A788A2C1F6 /* [CP] Check Pods Manifest.lock */ = {
			isa = PBXShellScriptBuildPhase;
			buildActionMask = 2147483647;
			files = (
			);
			inputPaths = (
				"${PODS_PODFILE_DIR_PATH}/Podfile.lock",
				"${PODS_ROOT}/Manifest.lock",
			);
			name = "[CP] Check Pods Manifest.lock";
			outputPaths = (
				"$(DERIVED_FILE_DIR)/Pods-nycTreesTests-checkManifestLockResult.txt",
			);
			runOnlyForDeploymentPostprocessing = 0;
			shellPath = /bin/sh;
			shellScript = "diff \"${PODS_PODFILE_DIR_PATH}/Podfile.lock\" \"${PODS_ROOT}/Manifest.lock\" > /dev/null\nif [ $? != 0 ] ; then\n    # print error to STDERR\n    echo \"error: The sandbox is not in sync with the Podfile.lock. Run 'pod install' or update your CocoaPods installation.\" >&2\n    exit 1\nfi\n# This output is used by Xcode 'outputs' to avoid re-running this script phase.\necho \"SUCCESS\" > \"${SCRIPT_OUTPUT_FILE_0}\"\n";
			showEnvVarsInLog = 0;
		};
		47A07F0D167F19C14EEFA911 /* [CP] Embed Pods Frameworks */ = {
			isa = PBXShellScriptBuildPhase;
			buildActionMask = 2147483647;
			files = (
			);
			inputPaths = (
			);
			name = "[CP] Embed Pods Frameworks";
			outputPaths = (
			);
			runOnlyForDeploymentPostprocessing = 0;
			shellPath = /bin/sh;
			shellScript = "\"${SRCROOT}/Pods/Target Support Files/Pods-nycTrees/Pods-nycTrees-frameworks.sh\"\n";
			showEnvVarsInLog = 0;
		};
		558F0CC5BBFF3E03229F64CC /* [CP] Embed Pods Frameworks */ = {
			isa = PBXShellScriptBuildPhase;
			buildActionMask = 2147483647;
			files = (
			);
			inputPaths = (
			);
			name = "[CP] Embed Pods Frameworks";
			outputPaths = (
			);
			runOnlyForDeploymentPostprocessing = 0;
			shellPath = /bin/sh;
			shellScript = "\"${SRCROOT}/Pods/Target Support Files/Pods-nycTreesTests/Pods-nycTreesTests-frameworks.sh\"\n";
			showEnvVarsInLog = 0;
		};
		675B8AE9F2A86FD0927C6F70 /* [CP] Copy Pods Resources */ = {
			isa = PBXShellScriptBuildPhase;
			buildActionMask = 2147483647;
			files = (
			);
			inputPaths = (
			);
			name = "[CP] Copy Pods Resources";
			outputPaths = (
			);
			runOnlyForDeploymentPostprocessing = 0;
			shellPath = /bin/sh;
			shellScript = "\"${SRCROOT}/Pods/Target Support Files/Pods-nycTreesTests/Pods-nycTreesTests-resources.sh\"\n";
			showEnvVarsInLog = 0;
		};
		92B523758C6EDD558CA87DA4 /* [CP] Check Pods Manifest.lock */ = {
			isa = PBXShellScriptBuildPhase;
			buildActionMask = 2147483647;
			files = (
			);
			inputPaths = (
				"${PODS_PODFILE_DIR_PATH}/Podfile.lock",
				"${PODS_ROOT}/Manifest.lock",
			);
			name = "[CP] Check Pods Manifest.lock";
			outputPaths = (
				"$(DERIVED_FILE_DIR)/Pods-nycTrees-checkManifestLockResult.txt",
			);
			runOnlyForDeploymentPostprocessing = 0;
			shellPath = /bin/sh;
			shellScript = "diff \"${PODS_PODFILE_DIR_PATH}/Podfile.lock\" \"${PODS_ROOT}/Manifest.lock\" > /dev/null\nif [ $? != 0 ] ; then\n    # print error to STDERR\n    echo \"error: The sandbox is not in sync with the Podfile.lock. Run 'pod install' or update your CocoaPods installation.\" >&2\n    exit 1\nfi\n# This output is used by Xcode 'outputs' to avoid re-running this script phase.\necho \"SUCCESS\" > \"${SCRIPT_OUTPUT_FILE_0}\"\n";
			showEnvVarsInLog = 0;
		};
		AF03FD5ABF3BF2BCD77D5AD8 /* [CP] Embed Pods Frameworks */ = {
			isa = PBXShellScriptBuildPhase;
			buildActionMask = 2147483647;
			files = (
			);
			inputPaths = (
			);
			name = "[CP] Embed Pods Frameworks";
			outputPaths = (
			);
			runOnlyForDeploymentPostprocessing = 0;
			shellPath = /bin/sh;
			shellScript = "\"${SRCROOT}/Pods/Target Support Files/Pods-nycTreesUITests/Pods-nycTreesUITests-frameworks.sh\"\n";
			showEnvVarsInLog = 0;
		};
		B3361AECE06E8B0BD6F6FCFA /* [CP] Copy Pods Resources */ = {
			isa = PBXShellScriptBuildPhase;
			buildActionMask = 2147483647;
			files = (
			);
			inputPaths = (
				"${SRCROOT}/Pods/Target Support Files/Pods-nycTrees/Pods-nycTrees-resources.sh",
				"${PODS_ROOT}/GoogleMaps/Subspecs/Maps/Frameworks/GoogleMaps.framework/Versions/A/Resources/GoogleMaps.bundle",
			);
			name = "[CP] Copy Pods Resources";
			outputPaths = (
				"${TARGET_BUILD_DIR}/${UNLOCALIZED_RESOURCES_FOLDER_PATH}",
			);
			runOnlyForDeploymentPostprocessing = 0;
			shellPath = /bin/sh;
			shellScript = "\"${SRCROOT}/Pods/Target Support Files/Pods-nycTrees/Pods-nycTrees-resources.sh\"\n";
			showEnvVarsInLog = 0;
		};
		CC9D46DE92E0E5FD743D96CF /* [CP] Check Pods Manifest.lock */ = {
			isa = PBXShellScriptBuildPhase;
			buildActionMask = 2147483647;
			files = (
			);
			inputPaths = (
				"${PODS_PODFILE_DIR_PATH}/Podfile.lock",
				"${PODS_ROOT}/Manifest.lock",
			);
			name = "[CP] Check Pods Manifest.lock";
			outputPaths = (
				"$(DERIVED_FILE_DIR)/Pods-nycTreesUITests-checkManifestLockResult.txt",
			);
			runOnlyForDeploymentPostprocessing = 0;
			shellPath = /bin/sh;
			shellScript = "diff \"${PODS_PODFILE_DIR_PATH}/Podfile.lock\" \"${PODS_ROOT}/Manifest.lock\" > /dev/null\nif [ $? != 0 ] ; then\n    # print error to STDERR\n    echo \"error: The sandbox is not in sync with the Podfile.lock. Run 'pod install' or update your CocoaPods installation.\" >&2\n    exit 1\nfi\n# This output is used by Xcode 'outputs' to avoid re-running this script phase.\necho \"SUCCESS\" > \"${SCRIPT_OUTPUT_FILE_0}\"\n";
			showEnvVarsInLog = 0;
		};
		E179D9954F6A759349B1E38A /* [CP] Copy Pods Resources */ = {
			isa = PBXShellScriptBuildPhase;
			buildActionMask = 2147483647;
			files = (
			);
			inputPaths = (
			);
			name = "[CP] Copy Pods Resources";
			outputPaths = (
			);
			runOnlyForDeploymentPostprocessing = 0;
			shellPath = /bin/sh;
			shellScript = "\"${SRCROOT}/Pods/Target Support Files/Pods-nycTreesUITests/Pods-nycTreesUITests-resources.sh\"\n";
			showEnvVarsInLog = 0;
		};
/* End PBXShellScriptBuildPhase section */

/* Begin PBXSourcesBuildPhase section */
		DB78488D1F4CE74C0000CC2C /* Sources */ = {
			isa = PBXSourcesBuildPhase;
			buildActionMask = 2147483647;
			files = (
				DB7848C31F4CEA280000CC2C /* Networking.swift in Sources */,
				DB7848971F4CE74C0000CC2C /* ViewController.swift in Sources */,
				DB7848951F4CE74C0000CC2C /* AppDelegate.swift in Sources */,
				DB7F36851F4CF47000DE7011 /* Constants.swift in Sources */,
				DBA2DF9E1F4E0DCC0090FCBE /* Models.swift in Sources */,
			);
			runOnlyForDeploymentPostprocessing = 0;
		};
		DB7848A11F4CE74D0000CC2C /* Sources */ = {
			isa = PBXSourcesBuildPhase;
			buildActionMask = 2147483647;
			files = (
				DB7848AA1F4CE74D0000CC2C /* nycTreesTests.swift in Sources */,
			);
			runOnlyForDeploymentPostprocessing = 0;
		};
		DB7848AC1F4CE74D0000CC2C /* Sources */ = {
			isa = PBXSourcesBuildPhase;
			buildActionMask = 2147483647;
			files = (
				DB7848B51F4CE74D0000CC2C /* nycTreesUITests.swift in Sources */,
			);
			runOnlyForDeploymentPostprocessing = 0;
		};
/* End PBXSourcesBuildPhase section */

/* Begin PBXTargetDependency section */
		DB7848A71F4CE74D0000CC2C /* PBXTargetDependency */ = {
			isa = PBXTargetDependency;
			target = DB7848901F4CE74C0000CC2C /* nycTrees */;
			targetProxy = DB7848A61F4CE74D0000CC2C /* PBXContainerItemProxy */;
		};
		DB7848B21F4CE74D0000CC2C /* PBXTargetDependency */ = {
			isa = PBXTargetDependency;
			target = DB7848901F4CE74C0000CC2C /* nycTrees */;
			targetProxy = DB7848B11F4CE74D0000CC2C /* PBXContainerItemProxy */;
		};
/* End PBXTargetDependency section */

/* Begin PBXVariantGroup section */
		DB7848981F4CE74C0000CC2C /* Main.storyboard */ = {
			isa = PBXVariantGroup;
			children = (
				DB7848991F4CE74C0000CC2C /* Base */,
			);
			name = Main.storyboard;
			sourceTree = "<group>";
		};
		DB78489D1F4CE74C0000CC2C /* LaunchScreen.storyboard */ = {
			isa = PBXVariantGroup;
			children = (
				DB78489E1F4CE74C0000CC2C /* Base */,
			);
			name = LaunchScreen.storyboard;
			sourceTree = "<group>";
		};
/* End PBXVariantGroup section */

/* Begin XCBuildConfiguration section */
		DB7848B71F4CE74D0000CC2C /* Debug */ = {
			isa = XCBuildConfiguration;
			buildSettings = {
				ALWAYS_SEARCH_USER_PATHS = NO;
				CLANG_ANALYZER_NONNULL = YES;
				CLANG_ANALYZER_NUMBER_OBJECT_CONVERSION = YES_AGGRESSIVE;
				CLANG_CXX_LANGUAGE_STANDARD = "gnu++0x";
				CLANG_CXX_LIBRARY = "libc++";
				CLANG_ENABLE_MODULES = YES;
				CLANG_ENABLE_OBJC_ARC = YES;
				CLANG_WARN_BOOL_CONVERSION = YES;
				CLANG_WARN_CONSTANT_CONVERSION = YES;
				CLANG_WARN_DIRECT_OBJC_ISA_USAGE = YES_ERROR;
				CLANG_WARN_DOCUMENTATION_COMMENTS = YES;
				CLANG_WARN_EMPTY_BODY = YES;
				CLANG_WARN_ENUM_CONVERSION = YES;
				CLANG_WARN_INFINITE_RECURSION = YES;
				CLANG_WARN_INT_CONVERSION = YES;
				CLANG_WARN_OBJC_ROOT_CLASS = YES_ERROR;
				CLANG_WARN_SUSPICIOUS_MOVE = YES;
				CLANG_WARN_UNREACHABLE_CODE = YES;
				CLANG_WARN__DUPLICATE_METHOD_MATCH = YES;
				"CODE_SIGN_IDENTITY[sdk=iphoneos*]" = "iPhone Developer";
				COPY_PHASE_STRIP = NO;
				DEBUG_INFORMATION_FORMAT = dwarf;
				ENABLE_STRICT_OBJC_MSGSEND = YES;
				ENABLE_TESTABILITY = YES;
				GCC_C_LANGUAGE_STANDARD = gnu99;
				GCC_DYNAMIC_NO_PIC = NO;
				GCC_NO_COMMON_BLOCKS = YES;
				GCC_OPTIMIZATION_LEVEL = 0;
				GCC_PREPROCESSOR_DEFINITIONS = (
					"DEBUG=1",
					"$(inherited)",
				);
				GCC_WARN_64_TO_32_BIT_CONVERSION = YES;
				GCC_WARN_ABOUT_RETURN_TYPE = YES_ERROR;
				GCC_WARN_UNDECLARED_SELECTOR = YES;
				GCC_WARN_UNINITIALIZED_AUTOS = YES_AGGRESSIVE;
				GCC_WARN_UNUSED_FUNCTION = YES;
				GCC_WARN_UNUSED_VARIABLE = YES;
				IPHONEOS_DEPLOYMENT_TARGET = 10.3;
				MTL_ENABLE_DEBUG_INFO = YES;
				ONLY_ACTIVE_ARCH = YES;
				SDKROOT = iphoneos;
				SWIFT_ACTIVE_COMPILATION_CONDITIONS = DEBUG;
				SWIFT_OPTIMIZATION_LEVEL = "-Onone";
				TARGETED_DEVICE_FAMILY = "1,2";
			};
			name = Debug;
		};
		DB7848B81F4CE74D0000CC2C /* Release */ = {
			isa = XCBuildConfiguration;
			buildSettings = {
				ALWAYS_SEARCH_USER_PATHS = NO;
				CLANG_ANALYZER_NONNULL = YES;
				CLANG_ANALYZER_NUMBER_OBJECT_CONVERSION = YES_AGGRESSIVE;
				CLANG_CXX_LANGUAGE_STANDARD = "gnu++0x";
				CLANG_CXX_LIBRARY = "libc++";
				CLANG_ENABLE_MODULES = YES;
				CLANG_ENABLE_OBJC_ARC = YES;
				CLANG_WARN_BOOL_CONVERSION = YES;
				CLANG_WARN_CONSTANT_CONVERSION = YES;
				CLANG_WARN_DIRECT_OBJC_ISA_USAGE = YES_ERROR;
				CLANG_WARN_DOCUMENTATION_COMMENTS = YES;
				CLANG_WARN_EMPTY_BODY = YES;
				CLANG_WARN_ENUM_CONVERSION = YES;
				CLANG_WARN_INFINITE_RECURSION = YES;
				CLANG_WARN_INT_CONVERSION = YES;
				CLANG_WARN_OBJC_ROOT_CLASS = YES_ERROR;
				CLANG_WARN_SUSPICIOUS_MOVE = YES;
				CLANG_WARN_UNREACHABLE_CODE = YES;
				CLANG_WARN__DUPLICATE_METHOD_MATCH = YES;
				"CODE_SIGN_IDENTITY[sdk=iphoneos*]" = "iPhone Developer";
				COPY_PHASE_STRIP = NO;
				DEBUG_INFORMATION_FORMAT = "dwarf-with-dsym";
				ENABLE_NS_ASSERTIONS = NO;
				ENABLE_STRICT_OBJC_MSGSEND = YES;
				GCC_C_LANGUAGE_STANDARD = gnu99;
				GCC_NO_COMMON_BLOCKS = YES;
				GCC_WARN_64_TO_32_BIT_CONVERSION = YES;
				GCC_WARN_ABOUT_RETURN_TYPE = YES_ERROR;
				GCC_WARN_UNDECLARED_SELECTOR = YES;
				GCC_WARN_UNINITIALIZED_AUTOS = YES_AGGRESSIVE;
				GCC_WARN_UNUSED_FUNCTION = YES;
				GCC_WARN_UNUSED_VARIABLE = YES;
				IPHONEOS_DEPLOYMENT_TARGET = 10.3;
				MTL_ENABLE_DEBUG_INFO = NO;
				SDKROOT = iphoneos;
				SWIFT_OPTIMIZATION_LEVEL = "-Owholemodule";
				TARGETED_DEVICE_FAMILY = "1,2";
				VALIDATE_PRODUCT = YES;
			};
			name = Release;
		};
		DB7848BA1F4CE74D0000CC2C /* Debug */ = {
			isa = XCBuildConfiguration;
			baseConfigurationReference = ABB79F83D38F3BE14ACC75C7 /* Pods-nycTrees.debug.xcconfig */;
			buildSettings = {
				ASSETCATALOG_COMPILER_APPICON_NAME = AppIcon;
				DEVELOPMENT_TEAM = JA52596255;
				INFOPLIST_FILE = nycTrees/Info.plist;
				LD_RUNPATH_SEARCH_PATHS = "$(inherited) @executable_path/Frameworks";
				PRODUCT_BUNDLE_IDENTIFIER = com.griffinmacias.nycTrees;
				PRODUCT_NAME = "$(TARGET_NAME)";
				SWIFT_VERSION = 3.0;
			};
			name = Debug;
		};
		DB7848BB1F4CE74D0000CC2C /* Release */ = {
			isa = XCBuildConfiguration;
			baseConfigurationReference = B449BBFAABBA0B542FCB9E2C /* Pods-nycTrees.release.xcconfig */;
			buildSettings = {
				ASSETCATALOG_COMPILER_APPICON_NAME = AppIcon;
				DEVELOPMENT_TEAM = JA52596255;
				INFOPLIST_FILE = nycTrees/Info.plist;
				LD_RUNPATH_SEARCH_PATHS = "$(inherited) @executable_path/Frameworks";
				PRODUCT_BUNDLE_IDENTIFIER = com.griffinmacias.nycTrees;
				PRODUCT_NAME = "$(TARGET_NAME)";
				SWIFT_VERSION = 3.0;
			};
			name = Release;
		};
		DB7848BD1F4CE74D0000CC2C /* Debug */ = {
			isa = XCBuildConfiguration;
			baseConfigurationReference = 3E3DCE80AA95EBD86C324E7D /* Pods-nycTreesTests.debug.xcconfig */;
			buildSettings = {
				ALWAYS_EMBED_SWIFT_STANDARD_LIBRARIES = YES;
				BUNDLE_LOADER = "$(TEST_HOST)";
				DEVELOPMENT_TEAM = JA52596255;
				INFOPLIST_FILE = nycTreesTests/Info.plist;
				LD_RUNPATH_SEARCH_PATHS = "$(inherited) @executable_path/Frameworks @loader_path/Frameworks";
				PRODUCT_BUNDLE_IDENTIFIER = com.griffinmacias.nycTreesTests;
				PRODUCT_NAME = "$(TARGET_NAME)";
				SWIFT_VERSION = 3.0;
				TEST_HOST = "$(BUILT_PRODUCTS_DIR)/nycTrees.app/nycTrees";
			};
			name = Debug;
		};
		DB7848BE1F4CE74D0000CC2C /* Release */ = {
			isa = XCBuildConfiguration;
			baseConfigurationReference = 0E7B4FC99354540592400BA5 /* Pods-nycTreesTests.release.xcconfig */;
			buildSettings = {
				ALWAYS_EMBED_SWIFT_STANDARD_LIBRARIES = YES;
				BUNDLE_LOADER = "$(TEST_HOST)";
				DEVELOPMENT_TEAM = JA52596255;
				INFOPLIST_FILE = nycTreesTests/Info.plist;
				LD_RUNPATH_SEARCH_PATHS = "$(inherited) @executable_path/Frameworks @loader_path/Frameworks";
				PRODUCT_BUNDLE_IDENTIFIER = com.griffinmacias.nycTreesTests;
				PRODUCT_NAME = "$(TARGET_NAME)";
				SWIFT_VERSION = 3.0;
				TEST_HOST = "$(BUILT_PRODUCTS_DIR)/nycTrees.app/nycTrees";
			};
			name = Release;
		};
		DB7848C01F4CE74D0000CC2C /* Debug */ = {
			isa = XCBuildConfiguration;
			baseConfigurationReference = 41B27DF0D313376EC7A0182A /* Pods-nycTreesUITests.debug.xcconfig */;
			buildSettings = {
				ALWAYS_EMBED_SWIFT_STANDARD_LIBRARIES = YES;
				DEVELOPMENT_TEAM = JA52596255;
				INFOPLIST_FILE = nycTreesUITests/Info.plist;
				LD_RUNPATH_SEARCH_PATHS = "$(inherited) @executable_path/Frameworks @loader_path/Frameworks";
				PRODUCT_BUNDLE_IDENTIFIER = com.griffinmacias.nycTreesUITests;
				PRODUCT_NAME = "$(TARGET_NAME)";
				SWIFT_VERSION = 3.0;
				TEST_TARGET_NAME = nycTrees;
			};
			name = Debug;
		};
		DB7848C11F4CE74D0000CC2C /* Release */ = {
			isa = XCBuildConfiguration;
			baseConfigurationReference = 3C62608B443E3C6571ED55FF /* Pods-nycTreesUITests.release.xcconfig */;
			buildSettings = {
				ALWAYS_EMBED_SWIFT_STANDARD_LIBRARIES = YES;
				DEVELOPMENT_TEAM = JA52596255;
				INFOPLIST_FILE = nycTreesUITests/Info.plist;
				LD_RUNPATH_SEARCH_PATHS = "$(inherited) @executable_path/Frameworks @loader_path/Frameworks";
				PRODUCT_BUNDLE_IDENTIFIER = com.griffinmacias.nycTreesUITests;
				PRODUCT_NAME = "$(TARGET_NAME)";
				SWIFT_VERSION = 3.0;
				TEST_TARGET_NAME = nycTrees;
			};
			name = Release;
		};
/* End XCBuildConfiguration section */

/* Begin XCConfigurationList section */
		DB78488C1F4CE74C0000CC2C /* Build configuration list for PBXProject "nycTrees" */ = {
			isa = XCConfigurationList;
			buildConfigurations = (
				DB7848B71F4CE74D0000CC2C /* Debug */,
				DB7848B81F4CE74D0000CC2C /* Release */,
			);
			defaultConfigurationIsVisible = 0;
			defaultConfigurationName = Release;
		};
		DB7848B91F4CE74D0000CC2C /* Build configuration list for PBXNativeTarget "nycTrees" */ = {
			isa = XCConfigurationList;
			buildConfigurations = (
				DB7848BA1F4CE74D0000CC2C /* Debug */,
				DB7848BB1F4CE74D0000CC2C /* Release */,
			);
			defaultConfigurationIsVisible = 0;
			defaultConfigurationName = Release;
		};
		DB7848BC1F4CE74D0000CC2C /* Build configuration list for PBXNativeTarget "nycTreesTests" */ = {
			isa = XCConfigurationList;
			buildConfigurations = (
				DB7848BD1F4CE74D0000CC2C /* Debug */,
				DB7848BE1F4CE74D0000CC2C /* Release */,
			);
			defaultConfigurationIsVisible = 0;
			defaultConfigurationName = Release;
		};
		DB7848BF1F4CE74D0000CC2C /* Build configuration list for PBXNativeTarget "nycTreesUITests" */ = {
			isa = XCConfigurationList;
			buildConfigurations = (
				DB7848C01F4CE74D0000CC2C /* Debug */,
				DB7848C11F4CE74D0000CC2C /* Release */,
			);
			defaultConfigurationIsVisible = 0;
			defaultConfigurationName = Release;
		};
/* End XCConfigurationList section */
	};
	rootObject = DB7848891F4CE74C0000CC2C /* Project object */;
}
